{
  "originHash" : "e217b1078cd43b5561f8c80632a223eeb37b94b20660dc2fc8c5ad8446dbc868",
  "pins" : [
    {
      "identity" : "appsflyerframework",
      "kind" : "remoteSourceControl",
      "location" : "https://github.com/AppsFlyerSDK/AppsFlyerFramework",
      "state" : {
        "revision" : "87c3c35cbc5c32e38ac3b6285eac6a2988522655",
        "version" : "6.17.5"
      }
    },
    {
      "identity" : "flagsmith-ios-client",
      "kind" : "remoteSourceControl",
      "location" : "https://github.com/Flagsmith/flagsmith-ios-client.git",
      "state" : {
        "revision" : "1a62aaeae6af4906f5929c3679f5f00fc5ab64ad",
        "version" : "3.8.3"
      }
    },
    {
      "identity" : "pushexpress-swift-sdk",
      "kind" : "remoteSourceControl",
      "location" : "https://github.com/pushexpress/pushexpress-swift-sdk",
      "state" : {
        "branch" : "main",
        "revision" : "5c5bb30553adb1f4aedbdeb840497bcceb0445da"
      }
    }
  ],
  "version" : 3
}
